// !$*UTF8*$!
{
	archiveVersion = 1;
	classes = {
	};
	objectVersion = 46;
	objects = {

/* Begin PBXBuildFile section */
		0B03F8B11C46FAA50014CF63 /* System.cpp in Sources */ = {isa = PBXBuildFile; fileRef = 0B03F8AF1C46FAA50014CF63 /* System.cpp */; };
		0B0DB1870F098D64005FB9F0 /* ResultPoly.mm in Sources */ = {isa = PBXBuildFile; fileRef = 0B0DB1860F098D64005FB9F0 /* ResultPoly.mm */; };
		0B0DB2C60F0A49E3005FB9F0 /* Simulation.mm in Sources */ = {isa = PBXBuildFile; fileRef = 0B0DB2C50F0A49E3005FB9F0 /* Simulation.mm */; };
		0B5065681A0D7B500017A446 /* Gravity-Help in Resources */ = {isa = PBXBuildFile; fileRef = 0B5065671A0D7B500017A446 /* Gravity-Help */; };
		0B50656C1A0D826B0017A446 /* Gravity.png in Resources */ = {isa = PBXBuildFile; fileRef = 0B50656B1A0D826B0017A446 /* Gravity.png */; };
		0B50656E1A0D82BF0017A446 /* Images.xcassets in Resources */ = {isa = PBXBuildFile; fileRef = 0B50656D1A0D82BF0017A446 /* Images.xcassets */; };
		0B859B5C0F024FD600062F2C /* ObjMass.mm in Sources */ = {isa = PBXBuildFile; fileRef = 0B859B5B0F024FD600062F2C /* ObjMass.mm */; };
		0B859B750F025A4400062F2C /* MassListController.mm in Sources */ = {isa = PBXBuildFile; fileRef = 0B859B740F025A4400062F2C /* MassListController.mm */; };
		0B859C1B0F02616400062F2C /* GravityView.mm in Sources */ = {isa = PBXBuildFile; fileRef = 0B859C1A0F02616400062F2C /* GravityView.mm */; };
		0B859C3E0F03A96900062F2C /* MassListController.nib in Resources */ = {isa = PBXBuildFile; fileRef = 0B859C3C0F03A96900062F2C /* MassListController.nib */; };
		0B859EAD0F05069200062F2C /* ColorCell.m in Sources */ = {isa = PBXBuildFile; fileRef = 0B859EAC0F05069200062F2C /* ColorCell.m */; };
		0B85A0EF0F065A8200062F2C /* ResultQueue.mm in Sources */ = {isa = PBXBuildFile; fileRef = 0B85A0EE0F065A8200062F2C /* ResultQueue.mm */; };
		0B85A4B70F08F1F200062F2C /* ResultFile.mm in Sources */ = {isa = PBXBuildFile; fileRef = 0B85A4B60F08F1F200062F2C /* ResultFile.mm */; };
		8D15AC2C0486D014006FF6A4 /* Credits.rtf in Resources */ = {isa = PBXBuildFile; fileRef = 2A37F4B9FDCFA73011CA2CEA /* Credits.rtf */; };
		8D15AC2D0486D014006FF6A4 /* MainMenu.nib in Resources */ = {isa = PBXBuildFile; fileRef = 2A37F4B6FDCFA73011CA2CEA /* MainMenu.nib */; };
		8D15AC2E0486D014006FF6A4 /* GravityDocument.nib in Resources */ = {isa = PBXBuildFile; fileRef = 2A37F4B4FDCFA73011CA2CEA /* GravityDocument.nib */; };
		8D15AC2F0486D014006FF6A4 /* InfoPlist.strings in Resources */ = {isa = PBXBuildFile; fileRef = 089C165FFE840EACC02AAC07 /* InfoPlist.strings */; };
		8D15AC310486D014006FF6A4 /* GravityDocument.mm in Sources */ = {isa = PBXBuildFile; fileRef = 2A37F4ACFDCFA73011CA2CEA /* GravityDocument.mm */; settings = {ATTRIBUTES = (); }; };
		8D15AC320486D014006FF6A4 /* main.m in Sources */ = {isa = PBXBuildFile; fileRef = 2A37F4B0FDCFA73011CA2CEA /* main.m */; settings = {ATTRIBUTES = (); }; };
		8D15AC340486D014006FF6A4 /* Cocoa.framework in Frameworks */ = {isa = PBXBuildFile; fileRef = 1058C7A7FEA54F5311CA2CBB /* Cocoa.framework */; };
/* End PBXBuildFile section */

/* Begin PBXFileReference section */
		089C1660FE840EACC02AAC07 /* English */ = {isa = PBXFileReference; fileEncoding = 10; lastKnownFileType = text.plist.strings; name = English; path = English.lproj/InfoPlist.strings; sourceTree = "<group>"; };
		0B03F8AE1C46FAA50014CF63 /* GPoint.h */ = {isa = PBXFileReference; fileEncoding = 4; lastKnownFileType = sourcecode.c.h; path = GPoint.h; sourceTree = "<group>"; };
		0B03F8AF1C46FAA50014CF63 /* System.cpp */ = {isa = PBXFileReference; fileEncoding = 4; lastKnownFileType = sourcecode.cpp.cpp; path = System.cpp; sourceTree = "<group>"; };
		0B03F8B01C46FAA50014CF63 /* System.h */ = {isa = PBXFileReference; fileEncoding = 4; lastKnownFileType = sourcecode.c.h; path = System.h; sourceTree = "<group>"; };
		0B0DB1850F098D64005FB9F0 /* ResultPoly.h */ = {isa = PBXFileReference; fileEncoding = 4; lastKnownFileType = sourcecode.c.h; path = ResultPoly.h; sourceTree = "<group>"; };
		0B0DB1860F098D64005FB9F0 /* ResultPoly.mm */ = {isa = PBXFileReference; fileEncoding = 4; lastKnownFileType = sourcecode.cpp.objcpp; path = ResultPoly.mm; sourceTree = "<group>"; };
		0B0DB2C40F0A49E3005FB9F0 /* Simulation.h */ = {isa = PBXFileReference; fileEncoding = 4; lastKnownFileType = sourcecode.c.h; path = Simulation.h; sourceTree = "<group>"; };
		0B0DB2C50F0A49E3005FB9F0 /* Simulation.mm */ = {isa = PBXFileReference; fileEncoding = 4; lastKnownFileType = sourcecode.cpp.objcpp; path = Simulation.mm; sourceTree = "<group>"; };
		0B5065671A0D7B500017A446 /* Gravity-Help */ = {isa = PBXFileReference; lastKnownFileType = folder; path = "Gravity-Help"; sourceTree = "<group>"; };
		0B50656B1A0D826B0017A446 /* Gravity.png */ = {isa = PBXFileReference; lastKnownFileType = image.png; path = Gravity.png; sourceTree = "<group>"; };
		0B50656D1A0D82BF0017A446 /* Images.xcassets */ = {isa = PBXFileReference; lastKnownFileType = folder.assetcatalog; name = Images.xcassets; path = GravityView/Images.xcassets; sourceTree = "<group>"; };
		0B859B5A0F024FD600062F2C /* ObjMass.h */ = {isa = PBXFileReference; fileEncoding = 4; lastKnownFileType = sourcecode.c.h; path = ObjMass.h; sourceTree = "<group>"; };
		0B859B5B0F024FD600062F2C /* ObjMass.mm */ = {isa = PBXFileReference; fileEncoding = 4; lastKnownFileType = sourcecode.cpp.objcpp; path = ObjMass.mm; sourceTree = "<group>"; };
		0B859B730F025A4400062F2C /* MassListController.h */ = {isa = PBXFileReference; fileEncoding = 4; lastKnownFileType = sourcecode.c.h; path = MassListController.h; sourceTree = "<group>"; };
		0B859B740F025A4400062F2C /* MassListController.mm */ = {isa = PBXFileReference; fileEncoding = 4; lastKnownFileType = sourcecode.cpp.objcpp; path = MassListController.mm; sourceTree = "<group>"; };
		0B859C190F02616400062F2C /* GravityView.h */ = {isa = PBXFileReference; fileEncoding = 4; lastKnownFileType = sourcecode.c.h; path = GravityView.h; sourceTree = "<group>"; };
		0B859C1A0F02616400062F2C /* GravityView.mm */ = {isa = PBXFileReference; fileEncoding = 4; lastKnownFileType = sourcecode.cpp.objcpp; path = GravityView.mm; sourceTree = "<group>"; };
		0B859C3D0F03A96900062F2C /* English */ = {isa = PBXFileReference; lastKnownFileType = wrapper.nib; name = English; path = English.lproj/MassListController.nib; sourceTree = "<group>"; };
		0B859EAB0F05069200062F2C /* ColorCell.h */ = {isa = PBXFileReference; fileEncoding = 4; lastKnownFileType = sourcecode.c.h; path = ColorCell.h; sourceTree = "<group>"; };
		0B859EAC0F05069200062F2C /* ColorCell.m */ = {isa = PBXFileReference; fileEncoding = 4; lastKnownFileType = sourcecode.c.objc; path = ColorCell.m; sourceTree = "<group>"; };
		0B85A0ED0F065A8200062F2C /* ResultQueue.h */ = {isa = PBXFileReference; fileEncoding = 4; lastKnownFileType = sourcecode.c.h; path = ResultQueue.h; sourceTree = "<group>"; };
		0B85A0EE0F065A8200062F2C /* ResultQueue.mm */ = {isa = PBXFileReference; fileEncoding = 4; lastKnownFileType = sourcecode.cpp.objcpp; path = ResultQueue.mm; sourceTree = "<group>"; };
		0B85A4B50F08F1F200062F2C /* ResultFile.h */ = {isa = PBXFileReference; fileEncoding = 4; lastKnownFileType = sourcecode.c.h; path = ResultFile.h; sourceTree = "<group>"; };
		0B85A4B60F08F1F200062F2C /* ResultFile.mm */ = {isa = PBXFileReference; fileEncoding = 4; lastKnownFileType = sourcecode.cpp.objcpp; path = ResultFile.mm; sourceTree = "<group>"; };
		1058C7A7FEA54F5311CA2CBB /* Cocoa.framework */ = {isa = PBXFileReference; lastKnownFileType = wrapper.framework; name = Cocoa.framework; path = /System/Library/Frameworks/Cocoa.framework; sourceTree = "<absolute>"; };
		13E42FBA07B3F13500E4EEF1 /* CoreData.framework */ = {isa = PBXFileReference; lastKnownFileType = wrapper.framework; name = CoreData.framework; path = /System/Library/Frameworks/CoreData.framework; sourceTree = "<absolute>"; };
		2A37F4ACFDCFA73011CA2CEA /* GravityDocument.mm */ = {isa = PBXFileReference; fileEncoding = 4; lastKnownFileType = sourcecode.cpp.objcpp; path = GravityDocument.mm; sourceTree = "<group>"; };
		2A37F4AEFDCFA73011CA2CEA /* GravityDocument.h */ = {isa = PBXFileReference; fileEncoding = 4; lastKnownFileType = sourcecode.c.h; path = GravityDocument.h; sourceTree = "<group>"; };
		2A37F4B0FDCFA73011CA2CEA /* main.m */ = {isa = PBXFileReference; fileEncoding = 4; lastKnownFileType = sourcecode.c.objc; path = main.m; sourceTree = "<group>"; };
		2A37F4B5FDCFA73011CA2CEA /* English */ = {isa = PBXFileReference; lastKnownFileType = wrapper.nib; name = English; path = English.lproj/GravityDocument.nib; sourceTree = "<group>"; };
		2A37F4B7FDCFA73011CA2CEA /* English */ = {isa = PBXFileReference; lastKnownFileType = wrapper.nib; name = English; path = English.lproj/MainMenu.nib; sourceTree = "<group>"; };
		2A37F4BAFDCFA73011CA2CEA /* English */ = {isa = PBXFileReference; lastKnownFileType = text.rtf; name = English; path = English.lproj/Credits.rtf; sourceTree = "<group>"; };
		2A37F4C4FDCFA73011CA2CEA /* AppKit.framework */ = {isa = PBXFileReference; lastKnownFileType = wrapper.framework; name = AppKit.framework; path = /System/Library/Frameworks/AppKit.framework; sourceTree = "<absolute>"; };
		2A37F4C5FDCFA73011CA2CEA /* Foundation.framework */ = {isa = PBXFileReference; lastKnownFileType = wrapper.framework; name = Foundation.framework; path = /System/Library/Frameworks/Foundation.framework; sourceTree = "<absolute>"; };
		32DBCF750370BD2300C91783 /* GravityView_Prefix.pch */ = {isa = PBXFileReference; fileEncoding = 4; lastKnownFileType = sourcecode.c.h; path = GravityView_Prefix.pch; sourceTree = "<group>"; };
		8D15AC360486D014006FF6A4 /* Info.plist */ = {isa = PBXFileReference; fileEncoding = 4; lastKnownFileType = text.plist; path = Info.plist; sourceTree = "<group>"; };
		8D15AC370486D014006FF6A4 /* GravityView.app */ = {isa = PBXFileReference; explicitFileType = wrapper.application; includeInIndex = 0; path = GravityView.app; sourceTree = BUILT_PRODUCTS_DIR; };
/* End PBXFileReference section */

/* Begin PBXFrameworksBuildPhase section */
		8D15AC330486D014006FF6A4 /* Frameworks */ = {
			isa = PBXFrameworksBuildPhase;
			buildActionMask = 2147483647;
			files = (
				8D15AC340486D014006FF6A4 /* Cocoa.framework in Frameworks */,
			);
			runOnlyForDeploymentPostprocessing = 0;
		};
/* End PBXFrameworksBuildPhase section */

/* Begin PBXGroup section */
		1058C7A6FEA54F5311CA2CBB /* Linked Frameworks */ = {
			isa = PBXGroup;
			children = (
				1058C7A7FEA54F5311CA2CBB /* Cocoa.framework */,
			);
			name = "Linked Frameworks";
			sourceTree = "<group>";
		};
		1058C7A8FEA54F5311CA2CBB /* Other Frameworks */ = {
			isa = PBXGroup;
			children = (
				2A37F4C4FDCFA73011CA2CEA /* AppKit.framework */,
				13E42FBA07B3F13500E4EEF1 /* CoreData.framework */,
				2A37F4C5FDCFA73011CA2CEA /* Foundation.framework */,
			);
			name = "Other Frameworks";
			sourceTree = "<group>";
		};
		19C28FB0FE9D524F11CA2CBB /* Products */ = {
			isa = PBXGroup;
			children = (
				8D15AC370486D014006FF6A4 /* GravityView.app */,
			);
			name = Products;
			sourceTree = "<group>";
		};
		2A37F4AAFDCFA73011CA2CEA /* GravityView */ = {
			isa = PBXGroup;
			children = (
				2A37F4ABFDCFA73011CA2CEA /* Classes */,
				2A37F4AFFDCFA73011CA2CEA /* Other Sources */,
				2A37F4B8FDCFA73011CA2CEA /* Resources */,
				2A37F4C3FDCFA73011CA2CEA /* Frameworks */,
				19C28FB0FE9D524F11CA2CBB /* Products */,
			);
			name = GravityView;
			sourceTree = "<group>";
		};
		2A37F4ABFDCFA73011CA2CEA /* Classes */ = {
			isa = PBXGroup;
			children = (
				0B03F8AE1C46FAA50014CF63 /* GPoint.h */,
				0B03F8AF1C46FAA50014CF63 /* System.cpp */,
				0B03F8B01C46FAA50014CF63 /* System.h */,
				2A37F4AEFDCFA73011CA2CEA /* GravityDocument.h */,
				2A37F4ACFDCFA73011CA2CEA /* GravityDocument.mm */,
				0B859B5A0F024FD600062F2C /* ObjMass.h */,
				0B859B5B0F024FD600062F2C /* ObjMass.mm */,
				0B859B730F025A4400062F2C /* MassListController.h */,
				0B859B740F025A4400062F2C /* MassListController.mm */,
				0B859C190F02616400062F2C /* GravityView.h */,
				0B859C1A0F02616400062F2C /* GravityView.mm */,
				0B859EAB0F05069200062F2C /* ColorCell.h */,
				0B859EAC0F05069200062F2C /* ColorCell.m */,
				0B85A0ED0F065A8200062F2C /* ResultQueue.h */,
				0B85A0EE0F065A8200062F2C /* ResultQueue.mm */,
				0B85A4B50F08F1F200062F2C /* ResultFile.h */,
				0B85A4B60F08F1F200062F2C /* ResultFile.mm */,
				0B0DB1850F098D64005FB9F0 /* ResultPoly.h */,
				0B0DB1860F098D64005FB9F0 /* ResultPoly.mm */,
				0B0DB2C40F0A49E3005FB9F0 /* Simulation.h */,
				0B0DB2C50F0A49E3005FB9F0 /* Simulation.mm */,
			);
			name = Classes;
			sourceTree = "<group>";
		};
		2A37F4AFFDCFA73011CA2CEA /* Other Sources */ = {
			isa = PBXGroup;
			children = (
				32DBCF750370BD2300C91783 /* GravityView_Prefix.pch */,
				2A37F4B0FDCFA73011CA2CEA /* main.m */,
			);
			name = "Other Sources";
			sourceTree = "<group>";
		};
		2A37F4B8FDCFA73011CA2CEA /* Resources */ = {
			isa = PBXGroup;
			children = (
				0B50656D1A0D82BF0017A446 /* Images.xcassets */,
				0B50656B1A0D826B0017A446 /* Gravity.png */,
				0B5065671A0D7B500017A446 /* Gravity-Help */,
				2A37F4B9FDCFA73011CA2CEA /* Credits.rtf */,
				2A37F4B6FDCFA73011CA2CEA /* MainMenu.nib */,
				2A37F4B4FDCFA73011CA2CEA /* GravityDocument.nib */,
				8D15AC360486D014006FF6A4 /* Info.plist */,
				089C165FFE840EACC02AAC07 /* InfoPlist.strings */,
				0B859C3C0F03A96900062F2C /* MassListController.nib */,
			);
			name = Resources;
			sourceTree = "<group>";
		};
		2A37F4C3FDCFA73011CA2CEA /* Frameworks */ = {
			isa = PBXGroup;
			children = (
				1058C7A6FEA54F5311CA2CBB /* Linked Frameworks */,
				1058C7A8FEA54F5311CA2CBB /* Other Frameworks */,
			);
			name = Frameworks;
			sourceTree = "<group>";
		};
/* End PBXGroup section */

/* Begin PBXNativeTarget section */
		8D15AC270486D014006FF6A4 /* GravityView */ = {
			isa = PBXNativeTarget;
			buildConfigurationList = C05733C708A9546B00998B17 /* Build configuration list for PBXNativeTarget "GravityView" */;
			buildPhases = (
				8D15AC2B0486D014006FF6A4 /* Resources */,
				8D15AC300486D014006FF6A4 /* Sources */,
				8D15AC330486D014006FF6A4 /* Frameworks */,
			);
			buildRules = (
			);
			dependencies = (
			);
			name = GravityView;
			productInstallPath = "$(HOME)/Applications";
			productName = GravityView;
			productReference = 8D15AC370486D014006FF6A4 /* GravityView.app */;
			productType = "com.apple.product-type.application";
		};
/* End PBXNativeTarget section */

/* Begin PBXProject section */
		2A37F4A9FDCFA73011CA2CEA /* Project object */ = {
			isa = PBXProject;
			attributes = {
				LastUpgradeCheck = 0510;
			};
			buildConfigurationList = C05733CB08A9546B00998B17 /* Build configuration list for PBXProject "GravityView" */;
			compatibilityVersion = "Xcode 3.2";
			developmentRegion = English;
			hasScannedForEncodings = 1;
			knownRegions = (
				English,
				Japanese,
				French,
				German,
			);
			mainGroup = 2A37F4AAFDCFA73011CA2CEA /* GravityView */;
			projectDirPath = "";
			projectRoot = "";
			targets = (
				8D15AC270486D014006FF6A4 /* GravityView */,
			);
		};
/* End PBXProject section */

/* Begin PBXResourcesBuildPhase section */
		8D15AC2B0486D014006FF6A4 /* Resources */ = {
			isa = PBXResourcesBuildPhase;
			buildActionMask = 2147483647;
			files = (
				8D15AC2C0486D014006FF6A4 /* Credits.rtf in Resources */,
				0B50656E1A0D82BF0017A446 /* Images.xcassets in Resources */,
				8D15AC2D0486D014006FF6A4 /* MainMenu.nib in Resources */,
				0B50656C1A0D826B0017A446 /* Gravity.png in Resources */,
				0B5065681A0D7B500017A446 /* Gravity-Help in Resources */,
				8D15AC2E0486D014006FF6A4 /* GravityDocument.nib in Resources */,
				8D15AC2F0486D014006FF6A4 /* InfoPlist.strings in Resources */,
				0B859C3E0F03A96900062F2C /* MassListController.nib in Resources */,
			);
			runOnlyForDeploymentPostprocessing = 0;
		};
/* End PBXResourcesBuildPhase section */

/* Begin PBXSourcesBuildPhase section */
		8D15AC300486D014006FF6A4 /* Sources */ = {
			isa = PBXSourcesBuildPhase;
			buildActionMask = 2147483647;
			files = (
				8D15AC310486D014006FF6A4 /* GravityDocument.mm in Sources */,
				8D15AC320486D014006FF6A4 /* main.m in Sources */,
				0B859B5C0F024FD600062F2C /* ObjMass.mm in Sources */,
				0B859B750F025A4400062F2C /* MassListController.mm in Sources */,
				0B859C1B0F02616400062F2C /* GravityView.mm in Sources */,
				0B859EAD0F05069200062F2C /* ColorCell.m in Sources */,
				0B85A0EF0F065A8200062F2C /* ResultQueue.mm in Sources */,
				0B85A4B70F08F1F200062F2C /* ResultFile.mm in Sources */,
				0B0DB1870F098D64005FB9F0 /* ResultPoly.mm in Sources */,
				0B03F8B11C46FAA50014CF63 /* System.cpp in Sources */,
				0B0DB2C60F0A49E3005FB9F0 /* Simulation.mm in Sources */,
			);
			runOnlyForDeploymentPostprocessing = 0;
		};
/* End PBXSourcesBuildPhase section */

/* Begin PBXVariantGroup section */
		089C165FFE840EACC02AAC07 /* InfoPlist.strings */ = {
			isa = PBXVariantGroup;
			children = (
				089C1660FE840EACC02AAC07 /* English */,
			);
			name = InfoPlist.strings;
			sourceTree = "<group>";
		};
		0B859C3C0F03A96900062F2C /* MassListController.nib */ = {
			isa = PBXVariantGroup;
			children = (
				0B859C3D0F03A96900062F2C /* English */,
			);
			name = MassListController.nib;
			sourceTree = "<group>";
		};
		2A37F4B4FDCFA73011CA2CEA /* GravityDocument.nib */ = {
			isa = PBXVariantGroup;
			children = (
				2A37F4B5FDCFA73011CA2CEA /* English */,
			);
			name = GravityDocument.nib;
			sourceTree = "<group>";
		};
		2A37F4B6FDCFA73011CA2CEA /* MainMenu.nib */ = {
			isa = PBXVariantGroup;
			children = (
				2A37F4B7FDCFA73011CA2CEA /* English */,
			);
			name = MainMenu.nib;
			sourceTree = "<group>";
		};
		2A37F4B9FDCFA73011CA2CEA /* Credits.rtf */ = {
			isa = PBXVariantGroup;
			children = (
				2A37F4BAFDCFA73011CA2CEA /* English */,
			);
			name = Credits.rtf;
			sourceTree = "<group>";
		};
/* End PBXVariantGroup section */

/* Begin XCBuildConfiguration section */
		C05733C808A9546B00998B17 /* Debug */ = {
			isa = XCBuildConfiguration;
			buildSettings = {
				ASSETCATALOG_COMPILER_APPICON_NAME = AppIcon;
				COMBINE_HIDPI_IMAGES = YES;
				COPY_PHASE_STRIP = NO;
				GCC_DYNAMIC_NO_PIC = NO;
				GCC_ENABLE_FIX_AND_CONTINUE = YES;
				GCC_MODEL_TUNING = G5;
				GCC_OPTIMIZATION_LEVEL = 0;
				INFOPLIST_FILE = Info.plist;
				INSTALL_PATH = "$(HOME)/Applications";
				MACOSX_DEPLOYMENT_TARGET = 10.7;
				PRODUCT_NAME = GravityView;
				SDKROOT = macosx;
				WRAPPER_EXTENSION = app;
				ZERO_LINK = YES;
			};
			name = Debug;
		};
		C05733C908A9546B00998B17 /* Release */ = {
			isa = XCBuildConfiguration;
			buildSettings = {
				ASSETCATALOG_COMPILER_APPICON_NAME = AppIcon;
				COMBINE_HIDPI_IMAGES = YES;
				GCC_GENERATE_DEBUGGING_SYMBOLS = NO;
				GCC_MODEL_TUNING = G5;
				INFOPLIST_FILE = Info.plist;
				INSTALL_PATH = "$(HOME)/Applications";
				MACOSX_DEPLOYMENT_TARGET = 10.7;
				PRODUCT_NAME = GravityView;
				SDKROOT = macosx;
				WRAPPER_EXTENSION = app;
			};
			name = Release;
		};
		C05733CC08A9546B00998B17 /* Debug */ = {
			isa = XCBuildConfiguration;
			buildSettings = {
				GCC_WARN_ABOUT_RETURN_TYPE = YES;
				GCC_WARN_UNUSED_VARIABLE = YES;
				MACOSX_DEPLOYMENT_TARGET = 10.7;
				ONLY_ACTIVE_ARCH = YES;
				SDKROOT = "$(DEVELOPER_SDK_DIR)/MacOSX10.4u.sdk";
				USER_HEADER_SEARCH_PATHS = "../Common/Util ../GravityComp $(inherited)";
			};
			name = Debug;
		};
		C05733CD08A9546B00998B17 /* Release */ = {
			isa = XCBuildConfiguration;
			buildSettings = {
				GCC_UNROLL_LOOPS = YES;
				GCC_WARN_ABOUT_RETURN_TYPE = YES;
				GCC_WARN_UNUSED_VARIABLE = YES;
				MACOSX_DEPLOYMENT_TARGET = 10.7;
				SDKROOT = "$(DEVELOPER_SDK_DIR)/MacOSX10.4u.sdk";
				USER_HEADER_SEARCH_PATHS = "../Common/Util ../GravityComp $(inherited)";
			};
			name = Release;
		};
/* End XCBuildConfiguration section */

/* Begin XCConfigurationList section */
		C05733C708A9546B00998B17 /* Build configuration list for PBXNativeTarget "GravityView" */ = {
			isa = XCConfigurationList;
			buildConfigurations = (
				C05733C808A9546B00998B17 /* Debug */,
				C05733C908A9546B00998B17 /* Release */,
			);
			defaultConfigurationIsVisible = 0;
			defaultConfigurationName = Release;
		};
		C05733CB08A9546B00998B17 /* Build configuration list for PBXProject "GravityView" */ = {
			isa = XCConfigurationList;
			buildConfigurations = (
				C05733CC08A9546B00998B17 /* Debug */,
				C05733CD08A9546B00998B17 /* Release */,
			);
			defaultConfigurationIsVisible = 0;
			defaultConfigurationName = Release;
		};
/* End XCConfigurationList section */
	};
	rootObject = 2A37F4A9FDCFA73011CA2CEA /* Project object */;
}
